
Microsoft Visual Studio Solution File, Format Version 12.00
# Visual Studio 14
VisualStudioVersion = 14.0.25420.1
MinimumVisualStudioVersion = 10.0.40219.1
Project("{FAE04EC0-301F-11D3-BF4B-00C04F79EFBC}") = "TestNinject", "TestNinject\TestNinject.csproj", "{095D43F8-8CC1-410C-AFC6-6E6943ADB78B}"
EndProject
Project("{FAE04EC0-301F-11D3-BF4B-00C04F79EFBC}") = "TestNinjectTests", "TestNinjectTests\TestNinjectTests.csproj", "{2DBB85CC-D7F9-41F5-A2A8-353860C35B88}"
EndProject
Global
	GlobalSection(SolutionConfigurationPlatforms) = preSolution
		Debug|Any CPU = Debug|Any CPU
		Release|Any CPU = Release|Any CPU
	EndGlobalSection
	GlobalSection(ProjectConfigurationPlatforms) = postSolution
		{095D43F8-8CC1-410C-AFC6-6E6943ADB78B}.Debug|Any CPU.ActiveCfg = Debug|Any CPU
		{095D43F8-8CC1-410C-AFC6-6E6943ADB78B}.Debug|Any CPU.Build.0 = Debug|Any CPU
		{095D43F8-8CC1-410C-AFC6-6E6943ADB78B}.Release|Any CPU.ActiveCfg = Release|Any CPU
		{095D43F8-8CC1-410C-AFC6-6E6943ADB78B}.Release|Any CPU.Build.0 = Release|Any CPU
		{2DBB85CC-D7F9-41F5-A2A8-353860C35B88}.Debug|Any CPU.ActiveCfg = Debug|Any CPU
		{2DBB85CC-D7F9-41F5-A2A8-353860C35B88}.Debug|Any CPU.Build.0 = Debug|Any CPU
		{2DBB85CC-D7F9-41F5-A2A8-353860C35B88}.Release|Any CPU.ActiveCfg = Release|Any CPU
		{2DBB85CC-D7F9-41F5-A2A8-353860C35B88}.Release|Any CPU.Build.0 = Release|Any CPU
	EndGlobalSection
	GlobalSection(SolutionProperties) = preSolution
		HideSolutionNode = FALSE
	EndGlobalSection
EndGlobal
