
Microsoft Visual Studio Solution File, Format Version 12.00
# Visual Studio Version 16
VisualStudioVersion = 16.0.29728.190
MinimumVisualStudioVersion = 10.0.40219.1
Project("{FAE04EC0-301F-11D3-BF4B-00C04F79EFBC}") = "AspNetCore31WebApi", "AspNetCore31WebApi.csproj", "{D69A217B-E8BD-43D8-AC76-D6EEEB27AB65}"
EndProject
Global
	GlobalSection(SolutionConfigurationPlatforms) = preSolution
		Debug|Any CPU = Debug|Any CPU
		Release|Any CPU = Release|Any CPU
	EndGlobalSection
	GlobalSection(ProjectConfigurationPlatforms) = postSolution
		{D69A217B-E8BD-43D8-AC76-D6EEEB27AB65}.Debug|Any CPU.ActiveCfg = Debug|Any CPU
		{D69A217B-E8BD-43D8-AC76-D6EEEB27AB65}.Debug|Any CPU.Build.0 = Debug|Any CPU
		{D69A217B-E8BD-43D8-AC76-D6EEEB27AB65}.Release|Any CPU.ActiveCfg = Release|Any CPU
		{D69A217B-E8BD-43D8-AC76-D6EEEB27AB65}.Release|Any CPU.Build.0 = Release|Any CPU
	EndGlobalSection
	GlobalSection(SolutionProperties) = preSolution
		HideSolutionNode = FALSE
	EndGlobalSection
	GlobalSection(ExtensibilityGlobals) = postSolution
		SolutionGuid = {2F572ACC-343D-447B-A9CC-2DDE35CB66DD}
	EndGlobalSection
EndGlobal
