
Microsoft Visual Studio Solution File, Format Version 12.00
# Visual Studio 15
VisualStudioVersion = 15.0.27703.1
MinimumVisualStudioVersion = 10.0.40219.1
Project("{FAE04EC0-301F-11D3-BF4B-00C04F79EFBC}") = "JaegerHelloWorld", "JaegerHelloWorld\JaegerHelloWorld.csproj", "{22B0C8A6-AC51-4AA7-9428-1DC6796BFB17}"
	ProjectSection(ProjectDependencies) = postProject
		{98F5E84A-E673-4BC9-B945-049BBD9ECCA1} = {98F5E84A-E673-4BC9-B945-049BBD9ECCA1}
	EndProjectSection
EndProject
Project("{FAE04EC0-301F-11D3-BF4B-00C04F79EFBC}") = "Library", "Library\Library.csproj", "{98F5E84A-E673-4BC9-B945-049BBD9ECCA1}"
EndProject
Global
	GlobalSection(SolutionConfigurationPlatforms) = preSolution
		Debug|Any CPU = Debug|Any CPU
		Release|Any CPU = Release|Any CPU
	EndGlobalSection
	GlobalSection(ProjectConfigurationPlatforms) = postSolution
		{22B0C8A6-AC51-4AA7-9428-1DC6796BFB17}.Debug|Any CPU.ActiveCfg = Debug|Any CPU
		{22B0C8A6-AC51-4AA7-9428-1DC6796BFB17}.Debug|Any CPU.Build.0 = Debug|Any CPU
		{22B0C8A6-AC51-4AA7-9428-1DC6796BFB17}.Release|Any CPU.ActiveCfg = Release|Any CPU
		{22B0C8A6-AC51-4AA7-9428-1DC6796BFB17}.Release|Any CPU.Build.0 = Release|Any CPU
		{98F5E84A-E673-4BC9-B945-049BBD9ECCA1}.Debug|Any CPU.ActiveCfg = Debug|Any CPU
		{98F5E84A-E673-4BC9-B945-049BBD9ECCA1}.Debug|Any CPU.Build.0 = Debug|Any CPU
		{98F5E84A-E673-4BC9-B945-049BBD9ECCA1}.Release|Any CPU.ActiveCfg = Release|Any CPU
		{98F5E84A-E673-4BC9-B945-049BBD9ECCA1}.Release|Any CPU.Build.0 = Release|Any CPU
	EndGlobalSection
	GlobalSection(SolutionProperties) = preSolution
		HideSolutionNode = FALSE
	EndGlobalSection
	GlobalSection(ExtensibilityGlobals) = postSolution
		SolutionGuid = {4C671C81-D436-4A6E-A77E-2540DAF0C09E}
	EndGlobalSection
EndGlobal
